
Microsoft Visual Studio Solution File, Format Version 12.00
# Visual Studio 15
VisualStudioVersion = 15.0.27428.2037
MinimumVisualStudioVersion = 10.0.40219.1
Project("{FAE04EC0-301F-11D3-BF4B-00C04F79EFBC}") = "Kondratev", "Kondratev.csproj", "{D296AAC1-761C-4941-85AF-47E2C60BBC2E}"
EndProject
Global
	GlobalSection(SolutionConfigurationPlatforms) = preSolution
		Debug|Any CPU = Debug|Any CPU
		Release|Any CPU = Release|Any CPU
	EndGlobalSection
	GlobalSection(ProjectConfigurationPlatforms) = postSolution
		{D296AAC1-761C-4941-85AF-47E2C60BBC2E}.Debug|Any CPU.ActiveCfg = Debug|Any CPU
		{D296AAC1-761C-4941-85AF-47E2C60BBC2E}.Debug|Any CPU.Build.0 = Debug|Any CPU
		{D296AAC1-761C-4941-85AF-47E2C60BBC2E}.Release|Any CPU.ActiveCfg = Release|Any CPU
		{D296AAC1-761C-4941-85AF-47E2C60BBC2E}.Release|Any CPU.Build.0 = Release|Any CPU
	EndGlobalSection
	GlobalSection(SolutionProperties) = preSolution
		HideSolutionNode = FALSE
	EndGlobalSection
	GlobalSection(ExtensibilityGlobals) = postSolution
		SolutionGuid = {9C6C58F3-9951-4AE9-A09A-940261793D11}
	EndGlobalSection
EndGlobal
