
Microsoft Visual Studio Solution File, Format Version 12.00
# Visual Studio 15
VisualStudioVersion = 15.0.27428.2037
MinimumVisualStudioVersion = 10.0.40219.1
Project("{D954291E-2A0B-460D-934E-DC6B0785DB48}") = "Kondratev", "Kondratev.shproj", "{A0E54C9D-EDBD-499D-B0CA-EB47B436F214}"
EndProject
Global
	GlobalSection(SharedMSBuildProjectFiles) = preSolution
		Kondratev.projitems*{a0e54c9d-edbd-499d-b0ca-eb47b436f214}*SharedItemsImports = 13
	EndGlobalSection
	GlobalSection(SolutionProperties) = preSolution
		HideSolutionNode = FALSE
	EndGlobalSection
	GlobalSection(ExtensibilityGlobals) = postSolution
		SolutionGuid = {2EFCE566-652A-422B-A839-50601BF110B7}
	EndGlobalSection
EndGlobal
